
Microsoft Visual Studio Solution File, Format Version 12.00
# Visual Studio Version 16
VisualStudioVersion = 16.0.31829.152
MinimumVisualStudioVersion = 10.0.40219.1
Project("{FAE04EC0-301F-11D3-BF4B-00C04F79EFBC}") = "IGRSCourtAPI", "IGRSCourtAPI.csproj", "{D2AA10EA-D605-42CF-A426-323479ACD5B1}"
EndProject
Global
	GlobalSection(SolutionConfigurationPlatforms) = preSolution
		Debug|Any CPU = Debug|Any CPU
		Release|Any CPU = Release|Any CPU
	EndGlobalSection
	GlobalSection(ProjectConfigurationPlatforms) = postSolution
		{D2AA10EA-D605-42CF-A426-323479ACD5B1}.Debug|Any CPU.ActiveCfg = Debug|Any CPU
		{D2AA10EA-D605-42CF-A426-323479ACD5B1}.Debug|Any CPU.Build.0 = Debug|Any CPU
		{D2AA10EA-D605-42CF-A426-323479ACD5B1}.Release|Any CPU.ActiveCfg = Release|Any CPU
		{D2AA10EA-D605-42CF-A426-323479ACD5B1}.Release|Any CPU.Build.0 = Release|Any CPU
	EndGlobalSection
	GlobalSection(SolutionProperties) = preSolution
		HideSolutionNode = FALSE
	EndGlobalSection
	GlobalSection(ExtensibilityGlobals) = postSolution
		SolutionGuid = {5EA9BE73-1EE2-48BE-B123-8343EE7D686A}
	EndGlobalSection
EndGlobal
